
Microsoft Visual Studio Solution File, Format Version 12.00
# Visual Studio Version 17
VisualStudioVersion = 17.13.35825.156 d17.13
MinimumVisualStudioVersion = 10.0.40219.1
Project("{FAE04EC0-301F-11D3-BF4B-00C04F79EFBC}") = "WinFormsApp1", "WinFormsApp1\WinFormsApp1.csproj", "{77A0D3AE-24E3-4F95-A096-1CB150A216A5}"
EndProject
Global
	GlobalSection(SolutionConfigurationPlatforms) = preSolution
		Debug|Any CPU = Debug|Any CPU
		Release|Any CPU = Release|Any CPU
	EndGlobalSection
	GlobalSection(ProjectConfigurationPlatforms) = postSolution
		{77A0D3AE-24E3-4F95-A096-1CB150A216A5}.Debug|Any CPU.ActiveCfg = Debug|Any CPU
		{77A0D3AE-24E3-4F95-A096-1CB150A216A5}.Debug|Any CPU.Build.0 = Debug|Any CPU
		{77A0D3AE-24E3-4F95-A096-1CB150A216A5}.Release|Any CPU.ActiveCfg = Release|Any CPU
		{77A0D3AE-24E3-4F95-A096-1CB150A216A5}.Release|Any CPU.Build.0 = Release|Any CPU
	EndGlobalSection
	GlobalSection(SolutionProperties) = preSolution
		HideSolutionNode = FALSE
	EndGlobalSection
	GlobalSection(ExtensibilityGlobals) = postSolution
		SolutionGuid = {5148C64C-73AB-41B3-9922-6DB245676C76}
	EndGlobalSection
EndGlobal
